
Microsoft Visual Studio Solution File, Format Version 12.00
# Visual Studio Version 17
VisualStudioVersion = 17.11.35222.181
MinimumVisualStudioVersion = 10.0.40219.1
Project("{FAE04EC0-301F-11D3-BF4B-00C04F79EFBC}") = "EduConsultant", "EduConsultant.csproj", "{92F82F2A-7A41-482F-8006-9AAA47FE4D0B}"
EndProject
Global
	GlobalSection(SolutionConfigurationPlatforms) = preSolution
		Debug|Any CPU = Debug|Any CPU
		Release|Any CPU = Release|Any CPU
	EndGlobalSection
	GlobalSection(ProjectConfigurationPlatforms) = postSolution
		{92F82F2A-7A41-482F-8006-9AAA47FE4D0B}.Debug|Any CPU.ActiveCfg = Debug|Any CPU
		{92F82F2A-7A41-482F-8006-9AAA47FE4D0B}.Debug|Any CPU.Build.0 = Debug|Any CPU
		{92F82F2A-7A41-482F-8006-9AAA47FE4D0B}.Release|Any CPU.ActiveCfg = Release|Any CPU
		{92F82F2A-7A41-482F-8006-9AAA47FE4D0B}.Release|Any CPU.Build.0 = Release|Any CPU
	EndGlobalSection
	GlobalSection(SolutionProperties) = preSolution
		HideSolutionNode = FALSE
	EndGlobalSection
	GlobalSection(ExtensibilityGlobals) = postSolution
		SolutionGuid = {2CBD0266-5D0F-4D9D-96A8-2001D7F20997}
	EndGlobalSection
EndGlobal
